// !$*UTF8*$!
{
	archiveVersion = 1;
	classes = {
	};
	objectVersion = 50;
	objects = {

/* Begin PBXBuildFile section */
		1655968B2267B9B000B0AC70 /* SearchResult.swift in Sources */ = {isa = PBXBuildFile; fileRef = 1655968A2267B9B000B0AC70 /* SearchResult.swift */; };
		1655968E2267C5C700B0AC70 /* Service.swift in Sources */ = {isa = PBXBuildFile; fileRef = 1655968D2267C5C700B0AC70 /* Service.swift */; };
		165596FD226C471F00B0AC70 /* AppsPageController.swift in Sources */ = {isa = PBXBuildFile; fileRef = 165596FC226C471F00B0AC70 /* AppsPageController.swift */; };
		165596FF226CC4AC00B0AC70 /* BaseListController.swift in Sources */ = {isa = PBXBuildFile; fileRef = 165596FE226CC4AC00B0AC70 /* BaseListController.swift */; };
		16559703226CD31F00B0AC70 /* AppsGroupCell.swift in Sources */ = {isa = PBXBuildFile; fileRef = 16559702226CD31F00B0AC70 /* AppsGroupCell.swift */; };
		16559705226D8B9A00B0AC70 /* AppsHorizontalController.swift in Sources */ = {isa = PBXBuildFile; fileRef = 16559704226D8B9A00B0AC70 /* AppsHorizontalController.swift */; };
		1655970B227143BB00B0AC70 /* AppRowCell.swift in Sources */ = {isa = PBXBuildFile; fileRef = 1655970A227143BB00B0AC70 /* AppRowCell.swift */; };
		1655970D2271455A00B0AC70 /* Extentions.swift in Sources */ = {isa = PBXBuildFile; fileRef = 1655970C2271455A00B0AC70 /* Extentions.swift */; };
		1655970F22715DD500B0AC70 /* AppsPageHeader.swift in Sources */ = {isa = PBXBuildFile; fileRef = 1655970E22715DD500B0AC70 /* AppsPageHeader.swift */; };
		165597112271627600B0AC70 /* AppsHeaderHorizontalController.swift in Sources */ = {isa = PBXBuildFile; fileRef = 165597102271627600B0AC70 /* AppsHeaderHorizontalController.swift */; };
		165597132271666400B0AC70 /* AppsHeaderCell.swift in Sources */ = {isa = PBXBuildFile; fileRef = 165597122271666400B0AC70 /* AppsHeaderCell.swift */; };
		1655971722720AC100B0AC70 /* AppGroup.swift in Sources */ = {isa = PBXBuildFile; fileRef = 1655971622720AC100B0AC70 /* AppGroup.swift */; };
		165597192276091B00B0AC70 /* SocialApp.swift in Sources */ = {isa = PBXBuildFile; fileRef = 165597182276091B00B0AC70 /* SocialApp.swift */; };
		16570147226792BE00B58B0C /* VerticalStackView.swift in Sources */ = {isa = PBXBuildFile; fileRef = 16570146226792BE00B58B0C /* VerticalStackView.swift */; };
		1659CD3622663763009CBB19 /* AppDelegate.swift in Sources */ = {isa = PBXBuildFile; fileRef = 1659CD3522663763009CBB19 /* AppDelegate.swift */; };
		1659CD3822663763009CBB19 /* ViewController.swift in Sources */ = {isa = PBXBuildFile; fileRef = 1659CD3722663763009CBB19 /* ViewController.swift */; };
		1659CD3B22663763009CBB19 /* Main.storyboard in Resources */ = {isa = PBXBuildFile; fileRef = 1659CD3922663763009CBB19 /* Main.storyboard */; };
		1659CD3D22663764009CBB19 /* Assets.xcassets in Resources */ = {isa = PBXBuildFile; fileRef = 1659CD3C22663764009CBB19 /* Assets.xcassets */; };
		1659CD4022663764009CBB19 /* LaunchScreen.storyboard in Resources */ = {isa = PBXBuildFile; fileRef = 1659CD3E22663764009CBB19 /* LaunchScreen.storyboard */; };
		1659CD482266385D009CBB19 /* BaseTabBarController.swift in Sources */ = {isa = PBXBuildFile; fileRef = 1659CD472266385D009CBB19 /* BaseTabBarController.swift */; };
		1659CD4D2266B92A009CBB19 /* AppSearchController.swift in Sources */ = {isa = PBXBuildFile; fileRef = 1659CD4C2266B92A009CBB19 /* AppSearchController.swift */; };
		1659CD502266C071009CBB19 /* SearchResultCell.swift in Sources */ = {isa = PBXBuildFile; fileRef = 1659CD4F2266C071009CBB19 /* SearchResultCell.swift */; };
		1659CD532266FB6F009CBB19 /* UIView+Layout.swift in Sources */ = {isa = PBXBuildFile; fileRef = 1659CD522266FB6F009CBB19 /* UIView+Layout.swift */; };
		165B4AF8227A83F600F3DA88 /* PreviewScreenshotsController.swift in Sources */ = {isa = PBXBuildFile; fileRef = 165B4AF7227A83F600F3DA88 /* PreviewScreenshotsController.swift */; };
		165B4AFA227AB4A800F3DA88 /* ReviewRowCell.swift in Sources */ = {isa = PBXBuildFile; fileRef = 165B4AF9227AB4A800F3DA88 /* ReviewRowCell.swift */; };
		165D77C92280AA8500239848 /* TodayFullscreenDescriptionCell.swift in Sources */ = {isa = PBXBuildFile; fileRef = 165D77C82280AA8500239848 /* TodayFullscreenDescriptionCell.swift */; };
		165D77CB2281236B00239848 /* TodayFullscreenHeaderCell.swift in Sources */ = {isa = PBXBuildFile; fileRef = 165D77CA2281236B00239848 /* TodayFullscreenHeaderCell.swift */; };
		165DD2E7227B8E250013259C /* ReviewsController.swift in Sources */ = {isa = PBXBuildFile; fileRef = 165DD2E6227B8E250013259C /* ReviewsController.swift */; };
		165DD2E9227B96600013259C /* ReviewCell.swift in Sources */ = {isa = PBXBuildFile; fileRef = 165DD2E8227B96600013259C /* ReviewCell.swift */; };
		165DD2EB227BD9CC0013259C /* Reviews.swift in Sources */ = {isa = PBXBuildFile; fileRef = 165DD2EA227BD9CC0013259C /* Reviews.swift */; };
		165DD2EE227D73360013259C /* TodayController.swift in Sources */ = {isa = PBXBuildFile; fileRef = 165DD2ED227D73360013259C /* TodayController.swift */; };
		165DD2F1227D75190013259C /* TodayCell.swift in Sources */ = {isa = PBXBuildFile; fileRef = 165DD2F0227D75190013259C /* TodayCell.swift */; };
		165DD2F3228005590013259C /* TodayFullscreenController.swift in Sources */ = {isa = PBXBuildFile; fileRef = 165DD2F2228005590013259C /* TodayFullscreenController.swift */; };
		16CF40BF22780FA3008B01E3 /* HorizontalSnappingController.swift in Sources */ = {isa = PBXBuildFile; fileRef = 16CF40BE22780FA3008B01E3 /* HorizontalSnappingController.swift */; };
		16CF40C32278C527008B01E3 /* BetterSnappingLayout.swift in Sources */ = {isa = PBXBuildFile; fileRef = 16CF40C22278C527008B01E3 /* BetterSnappingLayout.swift */; };
		16CF40C62278DD22008B01E3 /* AppsDetailController.swift in Sources */ = {isa = PBXBuildFile; fileRef = 16CF40C52278DD22008B01E3 /* AppsDetailController.swift */; };
		16CF40C9227931BF008B01E3 /* AppDetailCell.swift in Sources */ = {isa = PBXBuildFile; fileRef = 16CF40C8227931BF008B01E3 /* AppDetailCell.swift */; };
		16CF40CB227A7E56008B01E3 /* PreviewCell.swift in Sources */ = {isa = PBXBuildFile; fileRef = 16CF40CA227A7E56008B01E3 /* PreviewCell.swift */; };
		16F4FF432283B45400DAC0FF /* TodayItem.swift in Sources */ = {isa = PBXBuildFile; fileRef = 16F4FF422283B45400DAC0FF /* TodayItem.swift */; };
		51B514D14086322EBFEB1ED1 /* Pods_AppStoreJSONApis.framework in Frameworks */ = {isa = PBXBuildFile; fileRef = 026A48B2E3815F3CA24359E4 /* Pods_AppStoreJSONApis.framework */; };
/* End PBXBuildFile section */

/* Begin PBXFileReference section */
		026A48B2E3815F3CA24359E4 /* Pods_AppStoreJSONApis.framework */ = {isa = PBXFileReference; explicitFileType = wrapper.framework; includeInIndex = 0; path = Pods_AppStoreJSONApis.framework; sourceTree = BUILT_PRODUCTS_DIR; };
		1655968A2267B9B000B0AC70 /* SearchResult.swift */ = {isa = PBXFileReference; lastKnownFileType = sourcecode.swift; path = SearchResult.swift; sourceTree = "<group>"; };
		1655968D2267C5C700B0AC70 /* Service.swift */ = {isa = PBXFileReference; lastKnownFileType = sourcecode.swift; path = Service.swift; sourceTree = "<group>"; };
		165596FC226C471F00B0AC70 /* AppsPageController.swift */ = {isa = PBXFileReference; lastKnownFileType = sourcecode.swift; path = AppsPageController.swift; sourceTree = "<group>"; };
		165596FE226CC4AC00B0AC70 /* BaseListController.swift */ = {isa = PBXFileReference; lastKnownFileType = sourcecode.swift; path = BaseListController.swift; sourceTree = "<group>"; };
		16559702226CD31F00B0AC70 /* AppsGroupCell.swift */ = {isa = PBXFileReference; lastKnownFileType = sourcecode.swift; path = AppsGroupCell.swift; sourceTree = "<group>"; };
		16559704226D8B9A00B0AC70 /* AppsHorizontalController.swift */ = {isa = PBXFileReference; lastKnownFileType = sourcecode.swift; path = AppsHorizontalController.swift; sourceTree = "<group>"; };
		1655970A227143BB00B0AC70 /* AppRowCell.swift */ = {isa = PBXFileReference; lastKnownFileType = sourcecode.swift; path = AppRowCell.swift; sourceTree = "<group>"; };
		1655970C2271455A00B0AC70 /* Extentions.swift */ = {isa = PBXFileReference; lastKnownFileType = sourcecode.swift; path = Extentions.swift; sourceTree = "<group>"; };
		1655970E22715DD500B0AC70 /* AppsPageHeader.swift */ = {isa = PBXFileReference; lastKnownFileType = sourcecode.swift; path = AppsPageHeader.swift; sourceTree = "<group>"; };
		165597102271627600B0AC70 /* AppsHeaderHorizontalController.swift */ = {isa = PBXFileReference; lastKnownFileType = sourcecode.swift; path = AppsHeaderHorizontalController.swift; sourceTree = "<group>"; };
		165597122271666400B0AC70 /* AppsHeaderCell.swift */ = {isa = PBXFileReference; lastKnownFileType = sourcecode.swift; path = AppsHeaderCell.swift; sourceTree = "<group>"; };
		1655971622720AC100B0AC70 /* AppGroup.swift */ = {isa = PBXFileReference; lastKnownFileType = sourcecode.swift; path = AppGroup.swift; sourceTree = "<group>"; };
		165597182276091B00B0AC70 /* SocialApp.swift */ = {isa = PBXFileReference; lastKnownFileType = sourcecode.swift; path = SocialApp.swift; sourceTree = "<group>"; };
		16570146226792BE00B58B0C /* VerticalStackView.swift */ = {isa = PBXFileReference; lastKnownFileType = sourcecode.swift; path = VerticalStackView.swift; sourceTree = "<group>"; };
		1659CD3222663763009CBB19 /* AppStoreJSONApis.app */ = {isa = PBXFileReference; explicitFileType = wrapper.application; includeInIndex = 0; path = AppStoreJSONApis.app; sourceTree = BUILT_PRODUCTS_DIR; };
		1659CD3522663763009CBB19 /* AppDelegate.swift */ = {isa = PBXFileReference; lastKnownFileType = sourcecode.swift; path = AppDelegate.swift; sourceTree = "<group>"; };
		1659CD3722663763009CBB19 /* ViewController.swift */ = {isa = PBXFileReference; lastKnownFileType = sourcecode.swift; path = ViewController.swift; sourceTree = "<group>"; };
		1659CD3A22663763009CBB19 /* Base */ = {isa = PBXFileReference; lastKnownFileType = file.storyboard; name = Base; path = Base.lproj/Main.storyboard; sourceTree = "<group>"; };
		1659CD3C22663764009CBB19 /* Assets.xcassets */ = {isa = PBXFileReference; lastKnownFileType = folder.assetcatalog; path = Assets.xcassets; sourceTree = "<group>"; };
		1659CD3F22663764009CBB19 /* Base */ = {isa = PBXFileReference; lastKnownFileType = file.storyboard; name = Base; path = Base.lproj/LaunchScreen.storyboard; sourceTree = "<group>"; };
		1659CD4122663764009CBB19 /* Info.plist */ = {isa = PBXFileReference; lastKnownFileType = text.plist.xml; path = Info.plist; sourceTree = "<group>"; };
		1659CD472266385D009CBB19 /* BaseTabBarController.swift */ = {isa = PBXFileReference; lastKnownFileType = sourcecode.swift; path = BaseTabBarController.swift; sourceTree = "<group>"; };
		1659CD4C2266B92A009CBB19 /* AppSearchController.swift */ = {isa = PBXFileReference; lastKnownFileType = sourcecode.swift; path = AppSearchController.swift; sourceTree = "<group>"; };
		1659CD4F2266C071009CBB19 /* SearchResultCell.swift */ = {isa = PBXFileReference; lastKnownFileType = sourcecode.swift; path = SearchResultCell.swift; sourceTree = "<group>"; };
		1659CD522266FB6F009CBB19 /* UIView+Layout.swift */ = {isa = PBXFileReference; fileEncoding = 4; lastKnownFileType = sourcecode.swift; path = "UIView+Layout.swift"; sourceTree = "<group>"; };
		165B4AF7227A83F600F3DA88 /* PreviewScreenshotsController.swift */ = {isa = PBXFileReference; lastKnownFileType = sourcecode.swift; path = PreviewScreenshotsController.swift; sourceTree = "<group>"; };
		165B4AF9227AB4A800F3DA88 /* ReviewRowCell.swift */ = {isa = PBXFileReference; lastKnownFileType = sourcecode.swift; path = ReviewRowCell.swift; sourceTree = "<group>"; };
		165D77C82280AA8500239848 /* TodayFullscreenDescriptionCell.swift */ = {isa = PBXFileReference; lastKnownFileType = sourcecode.swift; path = TodayFullscreenDescriptionCell.swift; sourceTree = "<group>"; };
		165D77CA2281236B00239848 /* TodayFullscreenHeaderCell.swift */ = {isa = PBXFileReference; lastKnownFileType = sourcecode.swift; path = TodayFullscreenHeaderCell.swift; sourceTree = "<group>"; };
		165DD2E6227B8E250013259C /* ReviewsController.swift */ = {isa = PBXFileReference; lastKnownFileType = sourcecode.swift; path = ReviewsController.swift; sourceTree = "<group>"; };
		165DD2E8227B96600013259C /* ReviewCell.swift */ = {isa = PBXFileReference; lastKnownFileType = sourcecode.swift; path = ReviewCell.swift; sourceTree = "<group>"; };
		165DD2EA227BD9CC0013259C /* Reviews.swift */ = {isa = PBXFileReference; lastKnownFileType = sourcecode.swift; path = Reviews.swift; sourceTree = "<group>"; };
		165DD2ED227D73360013259C /* TodayController.swift */ = {isa = PBXFileReference; lastKnownFileType = sourcecode.swift; path = TodayController.swift; sourceTree = "<group>"; };
		165DD2F0227D75190013259C /* TodayCell.swift */ = {isa = PBXFileReference; lastKnownFileType = sourcecode.swift; path = TodayCell.swift; sourceTree = "<group>"; };
		165DD2F2228005590013259C /* TodayFullscreenController.swift */ = {isa = PBXFileReference; lastKnownFileType = sourcecode.swift; path = TodayFullscreenController.swift; sourceTree = "<group>"; };
		16CF40BE22780FA3008B01E3 /* HorizontalSnappingController.swift */ = {isa = PBXFileReference; lastKnownFileType = sourcecode.swift; path = HorizontalSnappingController.swift; sourceTree = "<group>"; };
		16CF40C22278C527008B01E3 /* BetterSnappingLayout.swift */ = {isa = PBXFileReference; fileEncoding = 4; lastKnownFileType = sourcecode.swift; path = BetterSnappingLayout.swift; sourceTree = "<group>"; };
		16CF40C52278DD22008B01E3 /* AppsDetailController.swift */ = {isa = PBXFileReference; lastKnownFileType = sourcecode.swift; path = AppsDetailController.swift; sourceTree = "<group>"; };
		16CF40C8227931BF008B01E3 /* AppDetailCell.swift */ = {isa = PBXFileReference; lastKnownFileType = sourcecode.swift; path = AppDetailCell.swift; sourceTree = "<group>"; };
		16CF40CA227A7E56008B01E3 /* PreviewCell.swift */ = {isa = PBXFileReference; lastKnownFileType = sourcecode.swift; path = PreviewCell.swift; sourceTree = "<group>"; };
		16F4FF422283B45400DAC0FF /* TodayItem.swift */ = {isa = PBXFileReference; lastKnownFileType = sourcecode.swift; path = TodayItem.swift; sourceTree = "<group>"; };
		6E2A67FBFAFE8E69CC55F355 /* Pods-AppStoreJSONApis.debug.xcconfig */ = {isa = PBXFileReference; includeInIndex = 1; lastKnownFileType = text.xcconfig; name = "Pods-AppStoreJSONApis.debug.xcconfig"; path = "Target Support Files/Pods-AppStoreJSONApis/Pods-AppStoreJSONApis.debug.xcconfig"; sourceTree = "<group>"; };
		B74905A9520125F174507503 /* Pods-AppStoreJSONApis.release.xcconfig */ = {isa = PBXFileReference; includeInIndex = 1; lastKnownFileType = text.xcconfig; name = "Pods-AppStoreJSONApis.release.xcconfig"; path = "Target Support Files/Pods-AppStoreJSONApis/Pods-AppStoreJSONApis.release.xcconfig"; sourceTree = "<group>"; };
/* End PBXFileReference section */

/* Begin PBXFrameworksBuildPhase section */
		1659CD2F22663763009CBB19 /* Frameworks */ = {
			isa = PBXFrameworksBuildPhase;
			buildActionMask = 2147483647;
			files = (
				51B514D14086322EBFEB1ED1 /* Pods_AppStoreJSONApis.framework in Frameworks */,
			);
			runOnlyForDeploymentPostprocessing = 0;
		};
/* End PBXFrameworksBuildPhase section */

/* Begin PBXGroup section */
		165596892267B98200B0AC70 /* Model */ = {
			isa = PBXGroup;
			children = (
				1655968A2267B9B000B0AC70 /* SearchResult.swift */,
				1655971622720AC100B0AC70 /* AppGroup.swift */,
				165597182276091B00B0AC70 /* SocialApp.swift */,
				165DD2EA227BD9CC0013259C /* Reviews.swift */,
				16F4FF422283B45400DAC0FF /* TodayItem.swift */,
			);
			path = Model;
			sourceTree = "<group>";
		};
		1655968C2267C59D00B0AC70 /* Service */ = {
			isa = PBXGroup;
			children = (
				1655968D2267C5C700B0AC70 /* Service.swift */,
			);
			path = Service;
			sourceTree = "<group>";
		};
		165596FB226C46FE00B0AC70 /* Apps */ = {
			isa = PBXGroup;
			children = (
				16CF40C42278DCFC008B01E3 /* Details */,
				165596FC226C471F00B0AC70 /* AppsPageController.swift */,
				16559704226D8B9A00B0AC70 /* AppsHorizontalController.swift */,
				1655970A227143BB00B0AC70 /* AppRowCell.swift */,
				1655970E22715DD500B0AC70 /* AppsPageHeader.swift */,
				165597102271627600B0AC70 /* AppsHeaderHorizontalController.swift */,
				165597122271666400B0AC70 /* AppsHeaderCell.swift */,
			);
			path = Apps;
			sourceTree = "<group>";
		};
		16559700226CCDED00B0AC70 /* Search */ = {
			isa = PBXGroup;
			children = (
				1659CD4C2266B92A009CBB19 /* AppSearchController.swift */,
			);
			path = Search;
			sourceTree = "<group>";
		};
		16559701226CD2FE00B0AC70 /* Apps */ = {
			isa = PBXGroup;
			children = (
				16559702226CD31F00B0AC70 /* AppsGroupCell.swift */,
			);
			path = Apps;
			sourceTree = "<group>";
		};
		1659CD2922663763009CBB19 = {
			isa = PBXGroup;
			children = (
				1659CD3422663763009CBB19 /* AppStoreJSONApis */,
				1659CD3322663763009CBB19 /* Products */,
				944DBD5BD3576C730C594C66 /* Pods */,
				F379C566FA60498FCCB19743 /* Frameworks */,
			);
			sourceTree = "<group>";
		};
		1659CD3322663763009CBB19 /* Products */ = {
			isa = PBXGroup;
			children = (
				1659CD3222663763009CBB19 /* AppStoreJSONApis.app */,
			);
			name = Products;
			sourceTree = "<group>";
		};
		1659CD3422663763009CBB19 /* AppStoreJSONApis */ = {
			isa = PBXGroup;
			children = (
				16559701226CD2FE00B0AC70 /* Apps */,
				16559700226CCDED00B0AC70 /* Search */,
				1655968C2267C59D00B0AC70 /* Service */,
				165596892267B98200B0AC70 /* Model */,
				1659CD512266FB62009CBB19 /* Helpers */,
				1659CD4E2266C030009CBB19 /* Views */,
				1659CD492266B87C009CBB19 /* Controllers */,
				1659CD3522663763009CBB19 /* AppDelegate.swift */,
				1659CD3722663763009CBB19 /* ViewController.swift */,
				1659CD3922663763009CBB19 /* Main.storyboard */,
				1659CD3C22663764009CBB19 /* Assets.xcassets */,
				1659CD3E22663764009CBB19 /* LaunchScreen.storyboard */,
				1659CD4122663764009CBB19 /* Info.plist */,
			);
			path = AppStoreJSONApis;
			sourceTree = "<group>";
		};
		1659CD492266B87C009CBB19 /* Controllers */ = {
			isa = PBXGroup;
			children = (
				165DD2EC227D73160013259C /* Today */,
				165596FB226C46FE00B0AC70 /* Apps */,
				1659CD472266385D009CBB19 /* BaseTabBarController.swift */,
				165596FE226CC4AC00B0AC70 /* BaseListController.swift */,
				16CF40BE22780FA3008B01E3 /* HorizontalSnappingController.swift */,
				165DD2E6227B8E250013259C /* ReviewsController.swift */,
			);
			path = Controllers;
			sourceTree = "<group>";
		};
		1659CD4E2266C030009CBB19 /* Views */ = {
			isa = PBXGroup;
			children = (
				165DD2EF227D74F90013259C /* Today */,
				16CF40C722793199008B01E3 /* Details */,
				1659CD4F2266C071009CBB19 /* SearchResultCell.swift */,
			);
			path = Views;
			sourceTree = "<group>";
		};
		1659CD512266FB62009CBB19 /* Helpers */ = {
			isa = PBXGroup;
			children = (
				1659CD522266FB6F009CBB19 /* UIView+Layout.swift */,
				16CF40C22278C527008B01E3 /* BetterSnappingLayout.swift */,
				16570146226792BE00B58B0C /* VerticalStackView.swift */,
				1655970C2271455A00B0AC70 /* Extentions.swift */,
			);
			path = Helpers;
			sourceTree = "<group>";
		};
		165DD2EC227D73160013259C /* Today */ = {
			isa = PBXGroup;
			children = (
				165DD2ED227D73360013259C /* TodayController.swift */,
				165DD2F2228005590013259C /* TodayFullscreenController.swift */,
			);
			path = Today;
			sourceTree = "<group>";
		};
		165DD2EF227D74F90013259C /* Today */ = {
			isa = PBXGroup;
			children = (
				165DD2F0227D75190013259C /* TodayCell.swift */,
				165D77C82280AA8500239848 /* TodayFullscreenDescriptionCell.swift */,
				165D77CA2281236B00239848 /* TodayFullscreenHeaderCell.swift */,
			);
			path = Today;
			sourceTree = "<group>";
		};
		16CF40C42278DCFC008B01E3 /* Details */ = {
			isa = PBXGroup;
			children = (
				16CF40C52278DD22008B01E3 /* AppsDetailController.swift */,
				165B4AF7227A83F600F3DA88 /* PreviewScreenshotsController.swift */,
			);
			path = Details;
			sourceTree = "<group>";
		};
		16CF40C722793199008B01E3 /* Details */ = {
			isa = PBXGroup;
			children = (
				16CF40C8227931BF008B01E3 /* AppDetailCell.swift */,
				16CF40CA227A7E56008B01E3 /* PreviewCell.swift */,
				165B4AF9227AB4A800F3DA88 /* ReviewRowCell.swift */,
				165DD2E8227B96600013259C /* ReviewCell.swift */,
			);
			path = Details;
			sourceTree = "<group>";
		};
		944DBD5BD3576C730C594C66 /* Pods */ = {
			isa = PBXGroup;
			children = (
				6E2A67FBFAFE8E69CC55F355 /* Pods-AppStoreJSONApis.debug.xcconfig */,
				B74905A9520125F174507503 /* Pods-AppStoreJSONApis.release.xcconfig */,
			);
			path = Pods;
			sourceTree = "<group>";
		};
		F379C566FA60498FCCB19743 /* Frameworks */ = {
			isa = PBXGroup;
			children = (
				026A48B2E3815F3CA24359E4 /* Pods_AppStoreJSONApis.framework */,
			);
			name = Frameworks;
			sourceTree = "<group>";
		};
/* End PBXGroup section */

/* Begin PBXNativeTarget section */
		1659CD3122663763009CBB19 /* AppStoreJSONApis */ = {
			isa = PBXNativeTarget;
			buildConfigurationList = 1659CD4422663764009CBB19 /* Build configuration list for PBXNativeTarget "AppStoreJSONApis" */;
			buildPhases = (
				29318EBBCB0AA3637378FA83 /* [CP] Check Pods Manifest.lock */,
				1659CD2E22663763009CBB19 /* Sources */,
				1659CD2F22663763009CBB19 /* Frameworks */,
				1659CD3022663763009CBB19 /* Resources */,
				44A39680EF0469B363F94EDD /* [CP] Embed Pods Frameworks */,
			);
			buildRules = (
			);
			dependencies = (
			);
			name = AppStoreJSONApis;
			productName = AppStoreJSONApis;
			productReference = 1659CD3222663763009CBB19 /* AppStoreJSONApis.app */;
			productType = "com.apple.product-type.application";
		};
/* End PBXNativeTarget section */

/* Begin PBXProject section */
		1659CD2A22663763009CBB19 /* Project object */ = {
			isa = PBXProject;
			attributes = {
				LastSwiftUpdateCheck = 1020;
				LastUpgradeCheck = 1020;
				ORGANIZATIONNAME = "DARRELL A PAYNE";
				TargetAttributes = {
					1659CD3122663763009CBB19 = {
						CreatedOnToolsVersion = 10.2;
					};
				};
			};
			buildConfigurationList = 1659CD2D22663763009CBB19 /* Build configuration list for PBXProject "AppStoreJSONApis" */;
			compatibilityVersion = "Xcode 9.3";
			developmentRegion = en;
			hasScannedForEncodings = 0;
			knownRegions = (
				en,
				Base,
			);
			mainGroup = 1659CD2922663763009CBB19;
			productRefGroup = 1659CD3322663763009CBB19 /* Products */;
			projectDirPath = "";
			projectRoot = "";
			targets = (
				1659CD3122663763009CBB19 /* AppStoreJSONApis */,
			);
		};
/* End PBXProject section */

/* Begin PBXResourcesBuildPhase section */
		1659CD3022663763009CBB19 /* Resources */ = {
			isa = PBXResourcesBuildPhase;
			buildActionMask = 2147483647;
			files = (
				1659CD4022663764009CBB19 /* LaunchScreen.storyboard in Resources */,
				1659CD3D22663764009CBB19 /* Assets.xcassets in Resources */,
				1659CD3B22663763009CBB19 /* Main.storyboard in Resources */,
			);
			runOnlyForDeploymentPostprocessing = 0;
		};
/* End PBXResourcesBuildPhase section */

/* Begin PBXShellScriptBuildPhase section */
		29318EBBCB0AA3637378FA83 /* [CP] Check Pods Manifest.lock */ = {
			isa = PBXShellScriptBuildPhase;
			buildActionMask = 2147483647;
			files = (
			);
			inputFileListPaths = (
			);
			inputPaths = (
				"${PODS_PODFILE_DIR_PATH}/Podfile.lock",
				"${PODS_ROOT}/Manifest.lock",
			);
			name = "[CP] Check Pods Manifest.lock";
			outputFileListPaths = (
			);
			outputPaths = (
				"$(DERIVED_FILE_DIR)/Pods-AppStoreJSONApis-checkManifestLockResult.txt",
			);
			runOnlyForDeploymentPostprocessing = 0;
			shellPath = /bin/sh;
			shellScript = "diff \"${PODS_PODFILE_DIR_PATH}/Podfile.lock\" \"${PODS_ROOT}/Manifest.lock\" > /dev/null\nif [ $? != 0 ] ; then\n    # print error to STDERR\n    echo \"error: The sandbox is not in sync with the Podfile.lock. Run 'pod install' or update your CocoaPods installation.\" >&2\n    exit 1\nfi\n# This output is used by Xcode 'outputs' to avoid re-running this script phase.\necho \"SUCCESS\" > \"${SCRIPT_OUTPUT_FILE_0}\"\n";
			showEnvVarsInLog = 0;
		};
		44A39680EF0469B363F94EDD /* [CP] Embed Pods Frameworks */ = {
			isa = PBXShellScriptBuildPhase;
			buildActionMask = 2147483647;
			files = (
			);
			inputFileListPaths = (
			);
			inputPaths = (
				"${PODS_ROOT}/Target Support Files/Pods-AppStoreJSONApis/Pods-AppStoreJSONApis-frameworks.sh",
				"${BUILT_PRODUCTS_DIR}/SDWebImage/SDWebImage.framework",
			);
			name = "[CP] Embed Pods Frameworks";
			outputFileListPaths = (
			);
			outputPaths = (
				"${TARGET_BUILD_DIR}/${FRAMEWORKS_FOLDER_PATH}/SDWebImage.framework",
			);
			runOnlyForDeploymentPostprocessing = 0;
			shellPath = /bin/sh;
			shellScript = "\"${PODS_ROOT}/Target Support Files/Pods-AppStoreJSONApis/Pods-AppStoreJSONApis-frameworks.sh\"\n";
			showEnvVarsInLog = 0;
		};
/* End PBXShellScriptBuildPhase section */

/* Begin PBXSourcesBuildPhase section */
		1659CD2E22663763009CBB19 /* Sources */ = {
			isa = PBXSourcesBuildPhase;
			buildActionMask = 2147483647;
			files = (
				1659CD3822663763009CBB19 /* ViewController.swift in Sources */,
				16CF40C32278C527008B01E3 /* BetterSnappingLayout.swift in Sources */,
				1659CD3622663763009CBB19 /* AppDelegate.swift in Sources */,
				165DD2E9227B96600013259C /* ReviewCell.swift in Sources */,
				165DD2F3228005590013259C /* TodayFullscreenController.swift in Sources */,
				165597192276091B00B0AC70 /* SocialApp.swift in Sources */,
				1655970D2271455A00B0AC70 /* Extentions.swift in Sources */,
				1655971722720AC100B0AC70 /* AppGroup.swift in Sources */,
				1655968B2267B9B000B0AC70 /* SearchResult.swift in Sources */,
				16CF40C62278DD22008B01E3 /* AppsDetailController.swift in Sources */,
				165596FD226C471F00B0AC70 /* AppsPageController.swift in Sources */,
				165B4AFA227AB4A800F3DA88 /* ReviewRowCell.swift in Sources */,
				165DD2F1227D75190013259C /* TodayCell.swift in Sources */,
				1659CD532266FB6F009CBB19 /* UIView+Layout.swift in Sources */,
				16CF40C9227931BF008B01E3 /* AppDetailCell.swift in Sources */,
				165596FF226CC4AC00B0AC70 /* BaseListController.swift in Sources */,
				165B4AF8227A83F600F3DA88 /* PreviewScreenshotsController.swift in Sources */,
				1655970B227143BB00B0AC70 /* AppRowCell.swift in Sources */,
				16F4FF432283B45400DAC0FF /* TodayItem.swift in Sources */,
				1659CD482266385D009CBB19 /* BaseTabBarController.swift in Sources */,
				1655970F22715DD500B0AC70 /* AppsPageHeader.swift in Sources */,
				165597132271666400B0AC70 /* AppsHeaderCell.swift in Sources */,
				16CF40CB227A7E56008B01E3 /* PreviewCell.swift in Sources */,
				165DD2E7227B8E250013259C /* ReviewsController.swift in Sources */,
				165DD2EB227BD9CC0013259C /* Reviews.swift in Sources */,
				165DD2EE227D73360013259C /* TodayController.swift in Sources */,
				16559703226CD31F00B0AC70 /* AppsGroupCell.swift in Sources */,
				1655968E2267C5C700B0AC70 /* Service.swift in Sources */,
				165D77CB2281236B00239848 /* TodayFullscreenHeaderCell.swift in Sources */,
				1659CD4D2266B92A009CBB19 /* AppSearchController.swift in Sources */,
				1659CD502266C071009CBB19 /* SearchResultCell.swift in Sources */,
				16CF40BF22780FA3008B01E3 /* HorizontalSnappingController.swift in Sources */,
				16559705226D8B9A00B0AC70 /* AppsHorizontalController.swift in Sources */,
				16570147226792BE00B58B0C /* VerticalStackView.swift in Sources */,
				165597112271627600B0AC70 /* AppsHeaderHorizontalController.swift in Sources */,
				165D77C92280AA8500239848 /* TodayFullscreenDescriptionCell.swift in Sources */,
			);
			runOnlyForDeploymentPostprocessing = 0;
		};
/* End PBXSourcesBuildPhase section */

/* Begin PBXVariantGroup section */
		1659CD3922663763009CBB19 /* Main.storyboard */ = {
			isa = PBXVariantGroup;
			children = (
				1659CD3A22663763009CBB19 /* Base */,
			);
			name = Main.storyboard;
			sourceTree = "<group>";
		};
		1659CD3E22663764009CBB19 /* LaunchScreen.storyboard */ = {
			isa = PBXVariantGroup;
			children = (
				1659CD3F22663764009CBB19 /* Base */,
			);
			name = LaunchScreen.storyboard;
			sourceTree = "<group>";
		};
/* End PBXVariantGroup section */

/* Begin XCBuildConfiguration section */
		1659CD4222663764009CBB19 /* Debug */ = {
			isa = XCBuildConfiguration;
			buildSettings = {
				ALWAYS_SEARCH_USER_PATHS = NO;
				CLANG_ANALYZER_NONNULL = YES;
				CLANG_ANALYZER_NUMBER_OBJECT_CONVERSION = YES_AGGRESSIVE;
				CLANG_CXX_LANGUAGE_STANDARD = "gnu++14";
				CLANG_CXX_LIBRARY = "libc++";
				CLANG_ENABLE_MODULES = YES;
				CLANG_ENABLE_OBJC_ARC = YES;
				CLANG_ENABLE_OBJC_WEAK = YES;
				CLANG_WARN_BLOCK_CAPTURE_AUTORELEASING = YES;
				CLANG_WARN_BOOL_CONVERSION = YES;
				CLANG_WARN_COMMA = YES;
				CLANG_WARN_CONSTANT_CONVERSION = YES;
				CLANG_WARN_DEPRECATED_OBJC_IMPLEMENTATIONS = YES;
				CLANG_WARN_DIRECT_OBJC_ISA_USAGE = YES_ERROR;
				CLANG_WARN_DOCUMENTATION_COMMENTS = YES;
				CLANG_WARN_EMPTY_BODY = YES;
				CLANG_WARN_ENUM_CONVERSION = YES;
				CLANG_WARN_INFINITE_RECURSION = YES;
				CLANG_WARN_INT_CONVERSION = YES;
				CLANG_WARN_NON_LITERAL_NULL_CONVERSION = YES;
				CLANG_WARN_OBJC_IMPLICIT_RETAIN_SELF = YES;
				CLANG_WARN_OBJC_LITERAL_CONVERSION = YES;
				CLANG_WARN_OBJC_ROOT_CLASS = YES_ERROR;
				CLANG_WARN_RANGE_LOOP_ANALYSIS = YES;
				CLANG_WARN_STRICT_PROTOTYPES = YES;
				CLANG_WARN_SUSPICIOUS_MOVE = YES;
				CLANG_WARN_UNGUARDED_AVAILABILITY = YES_AGGRESSIVE;
				CLANG_WARN_UNREACHABLE_CODE = YES;
				CLANG_WARN__DUPLICATE_METHOD_MATCH = YES;
				CODE_SIGN_IDENTITY = "iPhone Developer";
				COPY_PHASE_STRIP = NO;
				DEBUG_INFORMATION_FORMAT = dwarf;
				ENABLE_STRICT_OBJC_MSGSEND = YES;
				ENABLE_TESTABILITY = YES;
				GCC_C_LANGUAGE_STANDARD = gnu11;
				GCC_DYNAMIC_NO_PIC = NO;
				GCC_NO_COMMON_BLOCKS = YES;
				GCC_OPTIMIZATION_LEVEL = 0;
				GCC_PREPROCESSOR_DEFINITIONS = (
					"DEBUG=1",
					"$(inherited)",
				);
				GCC_WARN_64_TO_32_BIT_CONVERSION = YES;
				GCC_WARN_ABOUT_RETURN_TYPE = YES_ERROR;
				GCC_WARN_UNDECLARED_SELECTOR = YES;
				GCC_WARN_UNINITIALIZED_AUTOS = YES_AGGRESSIVE;
				GCC_WARN_UNUSED_FUNCTION = YES;
				GCC_WARN_UNUSED_VARIABLE = YES;
				IPHONEOS_DEPLOYMENT_TARGET = 12.2;
				MTL_ENABLE_DEBUG_INFO = INCLUDE_SOURCE;
				MTL_FAST_MATH = YES;
				ONLY_ACTIVE_ARCH = YES;
				SDKROOT = iphoneos;
				SWIFT_ACTIVE_COMPILATION_CONDITIONS = DEBUG;
				SWIFT_OPTIMIZATION_LEVEL = "-Onone";
			};
			name = Debug;
		};
		1659CD4322663764009CBB19 /* Release */ = {
			isa = XCBuildConfiguration;
			buildSettings = {
				ALWAYS_SEARCH_USER_PATHS = NO;
				CLANG_ANALYZER_NONNULL = YES;
				CLANG_ANALYZER_NUMBER_OBJECT_CONVERSION = YES_AGGRESSIVE;
				CLANG_CXX_LANGUAGE_STANDARD = "gnu++14";
				CLANG_CXX_LIBRARY = "libc++";
				CLANG_ENABLE_MODULES = YES;
				CLANG_ENABLE_OBJC_ARC = YES;
				CLANG_ENABLE_OBJC_WEAK = YES;
				CLANG_WARN_BLOCK_CAPTURE_AUTORELEASING = YES;
				CLANG_WARN_BOOL_CONVERSION = YES;
				CLANG_WARN_COMMA = YES;
				CLANG_WARN_CONSTANT_CONVERSION = YES;
				CLANG_WARN_DEPRECATED_OBJC_IMPLEMENTATIONS = YES;
				CLANG_WARN_DIRECT_OBJC_ISA_USAGE = YES_ERROR;
				CLANG_WARN_DOCUMENTATION_COMMENTS = YES;
				CLANG_WARN_EMPTY_BODY = YES;
				CLANG_WARN_ENUM_CONVERSION = YES;
				CLANG_WARN_INFINITE_RECURSION = YES;
				CLANG_WARN_INT_CONVERSION = YES;
				CLANG_WARN_NON_LITERAL_NULL_CONVERSION = YES;
				CLANG_WARN_OBJC_IMPLICIT_RETAIN_SELF = YES;
				CLANG_WARN_OBJC_LITERAL_CONVERSION = YES;
				CLANG_WARN_OBJC_ROOT_CLASS = YES_ERROR;
				CLANG_WARN_RANGE_LOOP_ANALYSIS = YES;
				CLANG_WARN_STRICT_PROTOTYPES = YES;
				CLANG_WARN_SUSPICIOUS_MOVE = YES;
				CLANG_WARN_UNGUARDED_AVAILABILITY = YES_AGGRESSIVE;
				CLANG_WARN_UNREACHABLE_CODE = YES;
				CLANG_WARN__DUPLICATE_METHOD_MATCH = YES;
				CODE_SIGN_IDENTITY = "iPhone Developer";
				COPY_PHASE_STRIP = NO;
				DEBUG_INFORMATION_FORMAT = "dwarf-with-dsym";
				ENABLE_NS_ASSERTIONS = NO;
				ENABLE_STRICT_OBJC_MSGSEND = YES;
				GCC_C_LANGUAGE_STANDARD = gnu11;
				GCC_NO_COMMON_BLOCKS = YES;
				GCC_WARN_64_TO_32_BIT_CONVERSION = YES;
				GCC_WARN_ABOUT_RETURN_TYPE = YES_ERROR;
				GCC_WARN_UNDECLARED_SELECTOR = YES;
				GCC_WARN_UNINITIALIZED_AUTOS = YES_AGGRESSIVE;
				GCC_WARN_UNUSED_FUNCTION = YES;
				GCC_WARN_UNUSED_VARIABLE = YES;
				IPHONEOS_DEPLOYMENT_TARGET = 12.2;
				MTL_ENABLE_DEBUG_INFO = NO;
				MTL_FAST_MATH = YES;
				SDKROOT = iphoneos;
				SWIFT_COMPILATION_MODE = wholemodule;
				SWIFT_OPTIMIZATION_LEVEL = "-O";
				VALIDATE_PRODUCT = YES;
			};
			name = Release;
		};
		1659CD4522663764009CBB19 /* Debug */ = {
			isa = XCBuildConfiguration;
			baseConfigurationReference = 6E2A67FBFAFE8E69CC55F355 /* Pods-AppStoreJSONApis.debug.xcconfig */;
			buildSettings = {
				ASSETCATALOG_COMPILER_APPICON_NAME = AppIcon;
				CODE_SIGN_STYLE = Automatic;
				DEVELOPMENT_TEAM = YH2L94SFDJ;
				INFOPLIST_FILE = AppStoreJSONApis/Info.plist;
				LD_RUNPATH_SEARCH_PATHS = (
					"$(inherited)",
					"@executable_path/Frameworks",
				);
				PRODUCT_BUNDLE_IDENTIFIER = com.sanctuaryofdarkness.AppStoreJSONApis;
				PRODUCT_NAME = "$(TARGET_NAME)";
				SWIFT_VERSION = 5.0;
				TARGETED_DEVICE_FAMILY = "1,2";
			};
			name = Debug;
		};
		1659CD4622663764009CBB19 /* Release */ = {
			isa = XCBuildConfiguration;
			baseConfigurationReference = B74905A9520125F174507503 /* Pods-AppStoreJSONApis.release.xcconfig */;
			buildSettings = {
				ASSETCATALOG_COMPILER_APPICON_NAME = AppIcon;
				CODE_SIGN_STYLE = Automatic;
				DEVELOPMENT_TEAM = YH2L94SFDJ;
				INFOPLIST_FILE = AppStoreJSONApis/Info.plist;
				LD_RUNPATH_SEARCH_PATHS = (
					"$(inherited)",
					"@executable_path/Frameworks",
				);
				PRODUCT_BUNDLE_IDENTIFIER = com.sanctuaryofdarkness.AppStoreJSONApis;
				PRODUCT_NAME = "$(TARGET_NAME)";
				SWIFT_VERSION = 5.0;
				TARGETED_DEVICE_FAMILY = "1,2";
			};
			name = Release;
		};
/* End XCBuildConfiguration section */

/* Begin XCConfigurationList section */
		1659CD2D22663763009CBB19 /* Build configuration list for PBXProject "AppStoreJSONApis" */ = {
			isa = XCConfigurationList;
			buildConfigurations = (
				1659CD4222663764009CBB19 /* Debug */,
				1659CD4322663764009CBB19 /* Release */,
			);
			defaultConfigurationIsVisible = 0;
			defaultConfigurationName = Release;
		};
		1659CD4422663764009CBB19 /* Build configuration list for PBXNativeTarget "AppStoreJSONApis" */ = {
			isa = XCConfigurationList;
			buildConfigurations = (
				1659CD4522663764009CBB19 /* Debug */,
				1659CD4622663764009CBB19 /* Release */,
			);
			defaultConfigurationIsVisible = 0;
			defaultConfigurationName = Release;
		};
/* End XCConfigurationList section */
	};
	rootObject = 1659CD2A22663763009CBB19 /* Project object */;
}
